{
    "_readme": [
        "This file locks the dependencies of your project to a known state",
        "Read more about it at https://getcomposer.org/doc/01-basic-usage.md#installing-dependencies",
        "This file is @generated automatically"
    ],
    "content-hash": "57c4a912e1be93f1bd443817d2efc531",
    "packages": [
        {
            "name": "oliverklee/monorepo-subproject-1",
            "version": "dev-main",
            "dist": {
                "type": "path",
                "url": "subprojects/monorepo-subproject-1",
                "reference": "a4bf7ab8c9c7d52c2336232dba6af4758c171137"
            },
            "require": {
                "php": "^8.1"
            },
            "type": "project",
            "license": [
                "GPL-3.0-or-later"
            ],
            "description": "Test for monorepo",
            "transport-options": {
                "relative": true
            }
        },
        {
            "name": "oliverklee/monorepo-subproject-2",
            "version": "dev-main",
            "dist": {
                "type": "path",
                "url": "subprojects/monorepo-subproject-2",
                "reference": "942d322f1cb1ee73733e1ea3c80546d13b8ceefe"
            },
            "require": {
                "php": "^8.1"
            },
            "type": "project",
            "license": [
                "GPL-3.0-or-later"
            ],
            "description": "Test for monorepo",
            "transport-options": {
                "relative": true
            }
        }
    ],
    "packages-dev": [],
    "aliases": [],
    "minimum-stability": "stable",
    "stability-flags": {
        "oliverklee/monorepo-subproject-1": 20,
        "oliverklee/monorepo-subproject-2": 20
    },
    "prefer-stable": false,
    "prefer-lowest": false,
    "platform": {
        "php": "^8.1"
    },
    "platform-dev": [],
    "plugin-api-version": "2.6.0"
}
